
Microsoft Visual Studio Solution File, Format Version 12.00
# Visual Studio Version 17
VisualStudioVersion = 17.4.33205.214
MinimumVisualStudioVersion = 10.0.40219.1
Project("{9A19103F-16F7-4668-BE54-9A1E7A4F7556}") = "ProjectAspoeck", "ProjectAspoeck\ProjectAspoeck.csproj", "{6B58413E-6471-4620-B3EF-2043EB996B17}"
EndProject
Project("{9A19103F-16F7-4668-BE54-9A1E7A4F7556}") = "DTOLibary", "DTOLibary\DTOLibary.csproj", "{42392D3B-0887-4DC0-A62B-903C22324344}"
EndProject
Project("{9A19103F-16F7-4668-BE54-9A1E7A4F7556}") = "BreakfastDBLib", "BreakfastDBLib\BreakfastDBLib.csproj", "{B67CA478-82EC-453B-AA23-E5733C3892E0}"
EndProject
Global
	GlobalSection(SolutionConfigurationPlatforms) = preSolution
		Debug|Any CPU = Debug|Any CPU
		Release|Any CPU = Release|Any CPU
	EndGlobalSection
	GlobalSection(ProjectConfigurationPlatforms) = postSolution
		{6B58413E-6471-4620-B3EF-2043EB996B17}.Debug|Any CPU.ActiveCfg = Debug|Any CPU
		{6B58413E-6471-4620-B3EF-2043EB996B17}.Debug|Any CPU.Build.0 = Debug|Any CPU
		{6B58413E-6471-4620-B3EF-2043EB996B17}.Release|Any CPU.ActiveCfg = Release|Any CPU
		{6B58413E-6471-4620-B3EF-2043EB996B17}.Release|Any CPU.Build.0 = Release|Any CPU
		{42392D3B-0887-4DC0-A62B-903C22324344}.Debug|Any CPU.ActiveCfg = Debug|Any CPU
		{42392D3B-0887-4DC0-A62B-903C22324344}.Debug|Any CPU.Build.0 = Debug|Any CPU
		{42392D3B-0887-4DC0-A62B-903C22324344}.Release|Any CPU.ActiveCfg = Release|Any CPU
		{42392D3B-0887-4DC0-A62B-903C22324344}.Release|Any CPU.Build.0 = Release|Any CPU
		{B67CA478-82EC-453B-AA23-E5733C3892E0}.Debug|Any CPU.ActiveCfg = Debug|Any CPU
		{B67CA478-82EC-453B-AA23-E5733C3892E0}.Debug|Any CPU.Build.0 = Debug|Any CPU
		{B67CA478-82EC-453B-AA23-E5733C3892E0}.Release|Any CPU.ActiveCfg = Release|Any CPU
		{B67CA478-82EC-453B-AA23-E5733C3892E0}.Release|Any CPU.Build.0 = Release|Any CPU
	EndGlobalSection
	GlobalSection(SolutionProperties) = preSolution
		HideSolutionNode = FALSE
	EndGlobalSection
	GlobalSection(ExtensibilityGlobals) = postSolution
		SolutionGuid = {612FB8A8-1396-46CA-8DEE-342F2AEB2D64}
	EndGlobalSection
EndGlobal
